
Microsoft Visual Studio Solution File, Format Version 12.00
# Visual Studio Version 17
VisualStudioVersion = 17.2.32630.192
MinimumVisualStudioVersion = 10.0.40219.1
Project("{9A19103F-16F7-4668-BE54-9A1E7A4F7556}") = "01", "01\01.csproj", "{5DAD1A1B-D017-4F05-A93A-D48398EA5B1C}"
EndProject
Project("{9A19103F-16F7-4668-BE54-9A1E7A4F7556}") = "02", "02\02.csproj", "{D7C0492D-383C-410E-97DF-1EABEC4D366E}"
EndProject
Project("{9A19103F-16F7-4668-BE54-9A1E7A4F7556}") = "03", "03\03.csproj", "{ECD5357A-8CD8-49C1-8BED-C833FC7CF446}"
EndProject
Project("{9A19103F-16F7-4668-BE54-9A1E7A4F7556}") = "04", "04\04.csproj", "{5FA49035-01CF-4EF8-9EC5-C3616FE9B7CC}"
EndProject
Project("{9A19103F-16F7-4668-BE54-9A1E7A4F7556}") = "05", "05\05.csproj", "{4B187D99-F06A-44FC-8ACF-8AB7CEB1A2C7}"
EndProject
Project("{9A19103F-16F7-4668-BE54-9A1E7A4F7556}") = "06", "06\06.csproj", "{5359C917-0BA9-445B-B189-F9614D61B34F}"
EndProject
Project("{9A19103F-16F7-4668-BE54-9A1E7A4F7556}") = "07", "07\07.csproj", "{7F3EBA47-8FFF-4D54-B742-B274664C086F}"
EndProject
Project("{9A19103F-16F7-4668-BE54-9A1E7A4F7556}") = "08", "08\08.csproj", "{B44A9D41-A60E-4C3B-9EE7-B199511C0729}"
EndProject
Project("{9A19103F-16F7-4668-BE54-9A1E7A4F7556}") = "09", "09\09.csproj", "{1DB6D56A-700A-4150-9FFD-3D97427FEE5B}"
EndProject
Project("{9A19103F-16F7-4668-BE54-9A1E7A4F7556}") = "10", "10\10.csproj", "{C66C957B-9C16-4DE9-9725-A964DF4E177A}"
EndProject
Project("{9A19103F-16F7-4668-BE54-9A1E7A4F7556}") = "11", "11\11.csproj", "{69779388-4398-4A60-864C-07C856B83BF9}"
EndProject
Project("{9A19103F-16F7-4668-BE54-9A1E7A4F7556}") = "12", "12\12.csproj", "{2882D107-E7AC-42C2-A3AF-2655D4899A2D}"
EndProject
Project("{9A19103F-16F7-4668-BE54-9A1E7A4F7556}") = "13", "13\13.csproj", "{F500F313-93A3-451F-8BFA-004ADE473443}"
EndProject
Project("{9A19103F-16F7-4668-BE54-9A1E7A4F7556}") = "14", "14\14.csproj", "{E26781DB-0B53-4A44-B2A1-89C24F1BA02B}"
EndProject
Project("{9A19103F-16F7-4668-BE54-9A1E7A4F7556}") = "15", "15\15.csproj", "{8947756C-906D-4804-8DD3-D8E23CDB4116}"
EndProject
Project("{9A19103F-16F7-4668-BE54-9A1E7A4F7556}") = "16", "16\16.csproj", "{B883E277-2B87-46F7-8FF6-5562FD44EE97}"
EndProject
Project("{9A19103F-16F7-4668-BE54-9A1E7A4F7556}") = "17", "17\17.csproj", "{65853C24-F7F4-4612-874D-29A165FC9A87}"
EndProject
Project("{9A19103F-16F7-4668-BE54-9A1E7A4F7556}") = "20", "20\20.csproj", "{B61587EE-7190-460D-B613-D983AFFA4AF5}"
EndProject
Project("{9A19103F-16F7-4668-BE54-9A1E7A4F7556}") = "21", "21\21.csproj", "{9BCF0BCC-A96A-447E-9830-5A2A76E6E5FF}"
EndProject
Project("{9A19103F-16F7-4668-BE54-9A1E7A4F7556}") = "22", "22\22.csproj", "{B9AE4C8F-40A7-45FD-8AD8-A5E616031F68}"
EndProject
Project("{9A19103F-16F7-4668-BE54-9A1E7A4F7556}") = "23", "23\23.csproj", "{F037055A-7C29-47E4-9001-D29395D71243}"
EndProject
Project("{9A19103F-16F7-4668-BE54-9A1E7A4F7556}") = "24", "24\24.csproj", "{3442C74A-92AB-48F4-86EA-7D7AF00DB494}"
EndProject
Project("{9A19103F-16F7-4668-BE54-9A1E7A4F7556}") = "25", "25\25.csproj", "{86894C10-390C-4D1D-9FB9-BB7D5E406035}"
EndProject
Project("{9A19103F-16F7-4668-BE54-9A1E7A4F7556}") = "19", "19\19.csproj", "{FB0C087E-659B-4EE6-A69E-C3846D6B8E56}"
EndProject
Project("{FAE04EC0-301F-11D3-BF4B-00C04F79EFBC}") = "26", "26\26.csproj", "{EF6CCC55-1D39-431B-A1C7-6B7B385D4F5B}"
EndProject
Project("{FAE04EC0-301F-11D3-BF4B-00C04F79EFBC}") = "27", "27\27.csproj", "{715E4BFE-8BDE-4E28-BB03-F2B20A2A9147}"
EndProject
Project("{FAE04EC0-301F-11D3-BF4B-00C04F79EFBC}") = "28", "28\28.csproj", "{4C64B846-3F11-4A91-9CC2-CEC6E5CD17A0}"
EndProject
Project("{FAE04EC0-301F-11D3-BF4B-00C04F79EFBC}") = "29", "29\29.csproj", "{6B2389AB-2F5D-4C0E-9FDF-DB09783DB42B}"
EndProject
Project("{FAE04EC0-301F-11D3-BF4B-00C04F79EFBC}") = "30", "30\30.csproj", "{5D8922E1-8086-4F0A-B440-CF8C6B401E2D}"
EndProject
Project("{FAE04EC0-301F-11D3-BF4B-00C04F79EFBC}") = "18", "18\18.csproj", "{C629BFB0-D971-4206-92C5-1B0B9E37B707}"
EndProject
Global
	GlobalSection(SolutionConfigurationPlatforms) = preSolution
		Debug|Any CPU = Debug|Any CPU
		Release|Any CPU = Release|Any CPU
	EndGlobalSection
	GlobalSection(ProjectConfigurationPlatforms) = postSolution
		{5DAD1A1B-D017-4F05-A93A-D48398EA5B1C}.Debug|Any CPU.ActiveCfg = Debug|Any CPU
		{5DAD1A1B-D017-4F05-A93A-D48398EA5B1C}.Debug|Any CPU.Build.0 = Debug|Any CPU
		{5DAD1A1B-D017-4F05-A93A-D48398EA5B1C}.Release|Any CPU.ActiveCfg = Release|Any CPU
		{5DAD1A1B-D017-4F05-A93A-D48398EA5B1C}.Release|Any CPU.Build.0 = Release|Any CPU
		{D7C0492D-383C-410E-97DF-1EABEC4D366E}.Debug|Any CPU.ActiveCfg = Debug|Any CPU
		{D7C0492D-383C-410E-97DF-1EABEC4D366E}.Debug|Any CPU.Build.0 = Debug|Any CPU
		{D7C0492D-383C-410E-97DF-1EABEC4D366E}.Release|Any CPU.ActiveCfg = Release|Any CPU
		{D7C0492D-383C-410E-97DF-1EABEC4D366E}.Release|Any CPU.Build.0 = Release|Any CPU
		{ECD5357A-8CD8-49C1-8BED-C833FC7CF446}.Debug|Any CPU.ActiveCfg = Debug|Any CPU
		{ECD5357A-8CD8-49C1-8BED-C833FC7CF446}.Debug|Any CPU.Build.0 = Debug|Any CPU
		{ECD5357A-8CD8-49C1-8BED-C833FC7CF446}.Release|Any CPU.ActiveCfg = Release|Any CPU
		{ECD5357A-8CD8-49C1-8BED-C833FC7CF446}.Release|Any CPU.Build.0 = Release|Any CPU
		{5FA49035-01CF-4EF8-9EC5-C3616FE9B7CC}.Debug|Any CPU.ActiveCfg = Debug|Any CPU
		{5FA49035-01CF-4EF8-9EC5-C3616FE9B7CC}.Debug|Any CPU.Build.0 = Debug|Any CPU
		{5FA49035-01CF-4EF8-9EC5-C3616FE9B7CC}.Release|Any CPU.ActiveCfg = Release|Any CPU
		{5FA49035-01CF-4EF8-9EC5-C3616FE9B7CC}.Release|Any CPU.Build.0 = Release|Any CPU
		{4B187D99-F06A-44FC-8ACF-8AB7CEB1A2C7}.Debug|Any CPU.ActiveCfg = Debug|Any CPU
		{4B187D99-F06A-44FC-8ACF-8AB7CEB1A2C7}.Debug|Any CPU.Build.0 = Debug|Any CPU
		{4B187D99-F06A-44FC-8ACF-8AB7CEB1A2C7}.Release|Any CPU.ActiveCfg = Release|Any CPU
		{4B187D99-F06A-44FC-8ACF-8AB7CEB1A2C7}.Release|Any CPU.Build.0 = Release|Any CPU
		{5359C917-0BA9-445B-B189-F9614D61B34F}.Debug|Any CPU.ActiveCfg = Debug|Any CPU
		{5359C917-0BA9-445B-B189-F9614D61B34F}.Debug|Any CPU.Build.0 = Debug|Any CPU
		{5359C917-0BA9-445B-B189-F9614D61B34F}.Release|Any CPU.ActiveCfg = Release|Any CPU
		{5359C917-0BA9-445B-B189-F9614D61B34F}.Release|Any CPU.Build.0 = Release|Any CPU
		{7F3EBA47-8FFF-4D54-B742-B274664C086F}.Debug|Any CPU.ActiveCfg = Debug|Any CPU
		{7F3EBA47-8FFF-4D54-B742-B274664C086F}.Debug|Any CPU.Build.0 = Debug|Any CPU
		{7F3EBA47-8FFF-4D54-B742-B274664C086F}.Release|Any CPU.ActiveCfg = Release|Any CPU
		{7F3EBA47-8FFF-4D54-B742-B274664C086F}.Release|Any CPU.Build.0 = Release|Any CPU
		{B44A9D41-A60E-4C3B-9EE7-B199511C0729}.Debug|Any CPU.ActiveCfg = Debug|Any CPU
		{B44A9D41-A60E-4C3B-9EE7-B199511C0729}.Debug|Any CPU.Build.0 = Debug|Any CPU
		{B44A9D41-A60E-4C3B-9EE7-B199511C0729}.Release|Any CPU.ActiveCfg = Release|Any CPU
		{B44A9D41-A60E-4C3B-9EE7-B199511C0729}.Release|Any CPU.Build.0 = Release|Any CPU
		{1DB6D56A-700A-4150-9FFD-3D97427FEE5B}.Debug|Any CPU.ActiveCfg = Debug|Any CPU
		{1DB6D56A-700A-4150-9FFD-3D97427FEE5B}.Debug|Any CPU.Build.0 = Debug|Any CPU
		{1DB6D56A-700A-4150-9FFD-3D97427FEE5B}.Release|Any CPU.ActiveCfg = Release|Any CPU
		{1DB6D56A-700A-4150-9FFD-3D97427FEE5B}.Release|Any CPU.Build.0 = Release|Any CPU
		{C66C957B-9C16-4DE9-9725-A964DF4E177A}.Debug|Any CPU.ActiveCfg = Debug|Any CPU
		{C66C957B-9C16-4DE9-9725-A964DF4E177A}.Debug|Any CPU.Build.0 = Debug|Any CPU
		{C66C957B-9C16-4DE9-9725-A964DF4E177A}.Release|Any CPU.ActiveCfg = Release|Any CPU
		{C66C957B-9C16-4DE9-9725-A964DF4E177A}.Release|Any CPU.Build.0 = Release|Any CPU
		{69779388-4398-4A60-864C-07C856B83BF9}.Debug|Any CPU.ActiveCfg = Debug|Any CPU
		{69779388-4398-4A60-864C-07C856B83BF9}.Debug|Any CPU.Build.0 = Debug|Any CPU
		{69779388-4398-4A60-864C-07C856B83BF9}.Release|Any CPU.ActiveCfg = Release|Any CPU
		{69779388-4398-4A60-864C-07C856B83BF9}.Release|Any CPU.Build.0 = Release|Any CPU
		{2882D107-E7AC-42C2-A3AF-2655D4899A2D}.Debug|Any CPU.ActiveCfg = Debug|Any CPU
		{2882D107-E7AC-42C2-A3AF-2655D4899A2D}.Debug|Any CPU.Build.0 = Debug|Any CPU
		{2882D107-E7AC-42C2-A3AF-2655D4899A2D}.Release|Any CPU.ActiveCfg = Release|Any CPU
		{2882D107-E7AC-42C2-A3AF-2655D4899A2D}.Release|Any CPU.Build.0 = Release|Any CPU
		{F500F313-93A3-451F-8BFA-004ADE473443}.Debug|Any CPU.ActiveCfg = Debug|Any CPU
		{F500F313-93A3-451F-8BFA-004ADE473443}.Debug|Any CPU.Build.0 = Debug|Any CPU
		{F500F313-93A3-451F-8BFA-004ADE473443}.Release|Any CPU.ActiveCfg = Release|Any CPU
		{F500F313-93A3-451F-8BFA-004ADE473443}.Release|Any CPU.Build.0 = Release|Any CPU
		{E26781DB-0B53-4A44-B2A1-89C24F1BA02B}.Debug|Any CPU.ActiveCfg = Debug|Any CPU
		{E26781DB-0B53-4A44-B2A1-89C24F1BA02B}.Debug|Any CPU.Build.0 = Debug|Any CPU
		{E26781DB-0B53-4A44-B2A1-89C24F1BA02B}.Release|Any CPU.ActiveCfg = Release|Any CPU
		{E26781DB-0B53-4A44-B2A1-89C24F1BA02B}.Release|Any CPU.Build.0 = Release|Any CPU
		{8947756C-906D-4804-8DD3-D8E23CDB4116}.Debug|Any CPU.ActiveCfg = Debug|Any CPU
		{8947756C-906D-4804-8DD3-D8E23CDB4116}.Debug|Any CPU.Build.0 = Debug|Any CPU
		{8947756C-906D-4804-8DD3-D8E23CDB4116}.Release|Any CPU.ActiveCfg = Release|Any CPU
		{8947756C-906D-4804-8DD3-D8E23CDB4116}.Release|Any CPU.Build.0 = Release|Any CPU
		{B883E277-2B87-46F7-8FF6-5562FD44EE97}.Debug|Any CPU.ActiveCfg = Debug|Any CPU
		{B883E277-2B87-46F7-8FF6-5562FD44EE97}.Debug|Any CPU.Build.0 = Debug|Any CPU
		{B883E277-2B87-46F7-8FF6-5562FD44EE97}.Release|Any CPU.ActiveCfg = Release|Any CPU
		{B883E277-2B87-46F7-8FF6-5562FD44EE97}.Release|Any CPU.Build.0 = Release|Any CPU
		{65853C24-F7F4-4612-874D-29A165FC9A87}.Debug|Any CPU.ActiveCfg = Debug|Any CPU
		{65853C24-F7F4-4612-874D-29A165FC9A87}.Debug|Any CPU.Build.0 = Debug|Any CPU
		{65853C24-F7F4-4612-874D-29A165FC9A87}.Release|Any CPU.ActiveCfg = Release|Any CPU
		{65853C24-F7F4-4612-874D-29A165FC9A87}.Release|Any CPU.Build.0 = Release|Any CPU
		{B61587EE-7190-460D-B613-D983AFFA4AF5}.Debug|Any CPU.ActiveCfg = Debug|Any CPU
		{B61587EE-7190-460D-B613-D983AFFA4AF5}.Debug|Any CPU.Build.0 = Debug|Any CPU
		{B61587EE-7190-460D-B613-D983AFFA4AF5}.Release|Any CPU.ActiveCfg = Release|Any CPU
		{B61587EE-7190-460D-B613-D983AFFA4AF5}.Release|Any CPU.Build.0 = Release|Any CPU
		{9BCF0BCC-A96A-447E-9830-5A2A76E6E5FF}.Debug|Any CPU.ActiveCfg = Debug|Any CPU
		{9BCF0BCC-A96A-447E-9830-5A2A76E6E5FF}.Debug|Any CPU.Build.0 = Debug|Any CPU
		{9BCF0BCC-A96A-447E-9830-5A2A76E6E5FF}.Release|Any CPU.ActiveCfg = Release|Any CPU
		{9BCF0BCC-A96A-447E-9830-5A2A76E6E5FF}.Release|Any CPU.Build.0 = Release|Any CPU
		{B9AE4C8F-40A7-45FD-8AD8-A5E616031F68}.Debug|Any CPU.ActiveCfg = Debug|Any CPU
		{B9AE4C8F-40A7-45FD-8AD8-A5E616031F68}.Debug|Any CPU.Build.0 = Debug|Any CPU
		{B9AE4C8F-40A7-45FD-8AD8-A5E616031F68}.Release|Any CPU.ActiveCfg = Release|Any CPU
		{B9AE4C8F-40A7-45FD-8AD8-A5E616031F68}.Release|Any CPU.Build.0 = Release|Any CPU
		{F037055A-7C29-47E4-9001-D29395D71243}.Debug|Any CPU.ActiveCfg = Debug|Any CPU
		{F037055A-7C29-47E4-9001-D29395D71243}.Debug|Any CPU.Build.0 = Debug|Any CPU
		{F037055A-7C29-47E4-9001-D29395D71243}.Release|Any CPU.ActiveCfg = Release|Any CPU
		{F037055A-7C29-47E4-9001-D29395D71243}.Release|Any CPU.Build.0 = Release|Any CPU
		{3442C74A-92AB-48F4-86EA-7D7AF00DB494}.Debug|Any CPU.ActiveCfg = Debug|Any CPU
		{3442C74A-92AB-48F4-86EA-7D7AF00DB494}.Debug|Any CPU.Build.0 = Debug|Any CPU
		{3442C74A-92AB-48F4-86EA-7D7AF00DB494}.Release|Any CPU.ActiveCfg = Release|Any CPU
		{3442C74A-92AB-48F4-86EA-7D7AF00DB494}.Release|Any CPU.Build.0 = Release|Any CPU
		{86894C10-390C-4D1D-9FB9-BB7D5E406035}.Debug|Any CPU.ActiveCfg = Debug|Any CPU
		{86894C10-390C-4D1D-9FB9-BB7D5E406035}.Debug|Any CPU.Build.0 = Debug|Any CPU
		{86894C10-390C-4D1D-9FB9-BB7D5E406035}.Release|Any CPU.ActiveCfg = Release|Any CPU
		{86894C10-390C-4D1D-9FB9-BB7D5E406035}.Release|Any CPU.Build.0 = Release|Any CPU
		{FB0C087E-659B-4EE6-A69E-C3846D6B8E56}.Debug|Any CPU.ActiveCfg = Debug|Any CPU
		{FB0C087E-659B-4EE6-A69E-C3846D6B8E56}.Debug|Any CPU.Build.0 = Debug|Any CPU
		{FB0C087E-659B-4EE6-A69E-C3846D6B8E56}.Release|Any CPU.ActiveCfg = Release|Any CPU
		{FB0C087E-659B-4EE6-A69E-C3846D6B8E56}.Release|Any CPU.Build.0 = Release|Any CPU
		{EF6CCC55-1D39-431B-A1C7-6B7B385D4F5B}.Debug|Any CPU.ActiveCfg = Debug|Any CPU
		{EF6CCC55-1D39-431B-A1C7-6B7B385D4F5B}.Debug|Any CPU.Build.0 = Debug|Any CPU
		{EF6CCC55-1D39-431B-A1C7-6B7B385D4F5B}.Release|Any CPU.ActiveCfg = Release|Any CPU
		{EF6CCC55-1D39-431B-A1C7-6B7B385D4F5B}.Release|Any CPU.Build.0 = Release|Any CPU
		{715E4BFE-8BDE-4E28-BB03-F2B20A2A9147}.Debug|Any CPU.ActiveCfg = Debug|Any CPU
		{715E4BFE-8BDE-4E28-BB03-F2B20A2A9147}.Debug|Any CPU.Build.0 = Debug|Any CPU
		{715E4BFE-8BDE-4E28-BB03-F2B20A2A9147}.Release|Any CPU.ActiveCfg = Release|Any CPU
		{715E4BFE-8BDE-4E28-BB03-F2B20A2A9147}.Release|Any CPU.Build.0 = Release|Any CPU
		{4C64B846-3F11-4A91-9CC2-CEC6E5CD17A0}.Debug|Any CPU.ActiveCfg = Debug|Any CPU
		{4C64B846-3F11-4A91-9CC2-CEC6E5CD17A0}.Debug|Any CPU.Build.0 = Debug|Any CPU
		{4C64B846-3F11-4A91-9CC2-CEC6E5CD17A0}.Release|Any CPU.ActiveCfg = Release|Any CPU
		{4C64B846-3F11-4A91-9CC2-CEC6E5CD17A0}.Release|Any CPU.Build.0 = Release|Any CPU
		{6B2389AB-2F5D-4C0E-9FDF-DB09783DB42B}.Debug|Any CPU.ActiveCfg = Debug|Any CPU
		{6B2389AB-2F5D-4C0E-9FDF-DB09783DB42B}.Debug|Any CPU.Build.0 = Debug|Any CPU
		{6B2389AB-2F5D-4C0E-9FDF-DB09783DB42B}.Release|Any CPU.ActiveCfg = Release|Any CPU
		{6B2389AB-2F5D-4C0E-9FDF-DB09783DB42B}.Release|Any CPU.Build.0 = Release|Any CPU
		{5D8922E1-8086-4F0A-B440-CF8C6B401E2D}.Debug|Any CPU.ActiveCfg = Debug|Any CPU
		{5D8922E1-8086-4F0A-B440-CF8C6B401E2D}.Debug|Any CPU.Build.0 = Debug|Any CPU
		{5D8922E1-8086-4F0A-B440-CF8C6B401E2D}.Release|Any CPU.ActiveCfg = Release|Any CPU
		{5D8922E1-8086-4F0A-B440-CF8C6B401E2D}.Release|Any CPU.Build.0 = Release|Any CPU
		{C629BFB0-D971-4206-92C5-1B0B9E37B707}.Debug|Any CPU.ActiveCfg = Debug|Any CPU
		{C629BFB0-D971-4206-92C5-1B0B9E37B707}.Debug|Any CPU.Build.0 = Debug|Any CPU
		{C629BFB0-D971-4206-92C5-1B0B9E37B707}.Release|Any CPU.ActiveCfg = Release|Any CPU
		{C629BFB0-D971-4206-92C5-1B0B9E37B707}.Release|Any CPU.Build.0 = Release|Any CPU
	EndGlobalSection
	GlobalSection(SolutionProperties) = preSolution
		HideSolutionNode = FALSE
	EndGlobalSection
	GlobalSection(ExtensibilityGlobals) = postSolution
		SolutionGuid = {1DC505F9-DE54-4BDF-B99F-AAF90444F7C4}
	EndGlobalSection
EndGlobal
